
Microsoft Visual Studio Solution File, Format Version 12.00
# Visual Studio Version 17
VisualStudioVersion = 17.0.31919.166
MinimumVisualStudioVersion = 10.0.40219.1
Project("{FAE04EC0-301F-11D3-BF4B-00C04F79EFBC}") = "iStorage", "iStorage\iStorage.csproj", "{850DDD54-0B70-47A6-98BD-1EFD110BE6E5}"
EndProject
Project("{54435603-DBB4-11D2-8724-00A0C9A8B90C}") = "ProformaGeneratorSetup", "ProformaGeneratorSetup\ProformaGeneratorSetup.vdproj", "{697BC764-28F7-471A-8071-C72B0C8BD77E}"
EndProject
Global
	GlobalSection(SolutionConfigurationPlatforms) = preSolution
		Debug|Any CPU = Debug|Any CPU
		Release|Any CPU = Release|Any CPU
	EndGlobalSection
	GlobalSection(ProjectConfigurationPlatforms) = postSolution
		{850DDD54-0B70-47A6-98BD-1EFD110BE6E5}.Debug|Any CPU.ActiveCfg = Debug|Any CPU
		{850DDD54-0B70-47A6-98BD-1EFD110BE6E5}.Debug|Any CPU.Build.0 = Debug|Any CPU
		{850DDD54-0B70-47A6-98BD-1EFD110BE6E5}.Release|Any CPU.ActiveCfg = Release|Any CPU
		{850DDD54-0B70-47A6-98BD-1EFD110BE6E5}.Release|Any CPU.Build.0 = Release|Any CPU
		{697BC764-28F7-471A-8071-C72B0C8BD77E}.Debug|Any CPU.ActiveCfg = Debug
		{697BC764-28F7-471A-8071-C72B0C8BD77E}.Release|Any CPU.ActiveCfg = Release
	EndGlobalSection
	GlobalSection(SolutionProperties) = preSolution
		HideSolutionNode = FALSE
	EndGlobalSection
	GlobalSection(ExtensibilityGlobals) = postSolution
		SolutionGuid = {0CFE3A7E-0631-4159-B882-2B7570601B38}
	EndGlobalSection
EndGlobal
